{
  "requires": true,
  "lockfileVersion": 1,
  "dependencies": {
    "@types/google-apps-script": {
      "version": "1.0.56",
      "resolved": "https://registry.npmjs.org/@types/google-apps-script/-/google-apps-script-1.0.56.tgz",
      "integrity": "sha512-3YGOtRlnWPSARl/n2BKt0qiIA6Y3/5BLC2zH9s/jcu+1rpxR07noLCFxTZ2BQBIfDl6+Vs9iKjLTgdbbL8q/mg=="
    },
    "prettier": {
      "version": "2.2.1",
      "resolved": "https://registry.npmjs.org/prettier/-/prettier-2.2.1.tgz",
      "integrity": "sha512-PqyhM2yCjg/oKkFPtTGUojv7gnZAoG80ttl45O6x2Ug/rMJw4wcc9k6aaf2hibP7BGVCCM33gZoGjyvt9mm16Q==",
      "dev": true
    }
  }
}
